
Microsoft Visual Studio Solution File, Format Version 12.00
# Visual Studio Version 17
VisualStudioVersion = 17.11.35303.130
MinimumVisualStudioVersion = 10.0.40219.1
Project("{2150E333-8FDC-42A3-9474-1A3956D46DE8}") = "Task0", "Task0", "{CE651E2C-FB97-45B8-90B0-AD36E893E213}"
EndProject
Project("{9A19103F-16F7-4668-BE54-9A1E7A4F7556}") = "Tyuiu.GurzanVM.Sprint6.Task0.V24.Lib", "Tyuiu.GurzanVM.Sprint6.Task0.V24.Lib\Tyuiu.GurzanVM.Sprint6.Task0.V24.Lib.csproj", "{10D09618-2B4F-43C8-9976-5A3DB9E8F88A}"
EndProject
Project("{9A19103F-16F7-4668-BE54-9A1E7A4F7556}") = "Tyuiu.GurzanVM.Sprint6.Task0.V24.Test", "Tyuiu.GurzanVM.Sprint6.Task0.V24.Test\Tyuiu.GurzanVM.Sprint6.Task0.V24.Test.csproj", "{A8CF403D-43D5-4680-950A-7A0CB13B52AE}"
EndProject
Project("{9A19103F-16F7-4668-BE54-9A1E7A4F7556}") = "Tyuiu.GurzanVM.Sprint6.Task0.V24", "Tyuiu.GurzanVM.Sprint6.Task0.V24\Tyuiu.GurzanVM.Sprint6.Task0.V24.csproj", "{97F9F21C-9B34-4C97-8C29-B8EF55FCA954}"
EndProject
Project("{2150E333-8FDC-42A3-9474-1A3956D46DE8}") = "Task1", "Task1", "{B35A0E4D-AC18-4447-851D-880D14225C72}"
EndProject
Project("{9A19103F-16F7-4668-BE54-9A1E7A4F7556}") = "Tyuiu.GurzanVM.Sprint6.Task1.V3.Lib", "Tyuiu.GurzanVM.Sprint6.Task1.V3.Lib\Tyuiu.GurzanVM.Sprint6.Task1.V3.Lib.csproj", "{8D03BD59-E116-4B75-A0B0-C9F63DCD9D8F}"
EndProject
Project("{9A19103F-16F7-4668-BE54-9A1E7A4F7556}") = "Tyuiu.GurzanVM.Sprint6.Task1.V3.Test", "Tyuiu.GurzanVM.Sprint6.Task1.V3.Test\Tyuiu.GurzanVM.Sprint6.Task1.V3.Test.csproj", "{7FBDCDCA-5257-445E-8CCB-B579BD589DC6}"
EndProject
Project("{9A19103F-16F7-4668-BE54-9A1E7A4F7556}") = "Tyuiu.GurzanVM.Sprint6.Task1.V3", "Tyuiu.GurzanVM.Sprint6.Task1.V3\Tyuiu.GurzanVM.Sprint6.Task1.V3.csproj", "{2DE4D62E-52AB-462F-8FC8-8DC73F5C54A1}"
EndProject
Project("{2150E333-8FDC-42A3-9474-1A3956D46DE8}") = "Task2", "Task2", "{60EFD309-E909-45C1-A5FE-D83FD9411C3E}"
EndProject
Project("{9A19103F-16F7-4668-BE54-9A1E7A4F7556}") = "Tyuiu.GurzanVM.Sprint6.Task2.V2.Lib", "Tyuiu.GurzanVM.Sprint6.Task2.V2.Lib\Tyuiu.GurzanVM.Sprint6.Task2.V2.Lib.csproj", "{66D1DA03-CB69-48E6-AFEF-72B658EEB43F}"
EndProject
Project("{9A19103F-16F7-4668-BE54-9A1E7A4F7556}") = "Tyuiu.GurzanVM.Sprint6.Task2.V2.Test", "Tyuiu.GurzanVM.Sprint6.Task2.V2.Test\Tyuiu.GurzanVM.Sprint6.Task2.V2.Test.csproj", "{E7DD0F43-DA11-411C-B13B-D25250AE3B73}"
EndProject
Project("{9A19103F-16F7-4668-BE54-9A1E7A4F7556}") = "Tyuiu.GurzanVM.Sprint6.Task2.V2", "Tyuiu.GurzanVM.Sprint6.Task2.V2\Tyuiu.GurzanVM.Sprint6.Task2.V2.csproj", "{F1285FA4-3AF5-42C8-9241-3488DADB129A}"
EndProject
Project("{2150E333-8FDC-42A3-9474-1A3956D46DE8}") = "Task3", "Task3", "{F3D4B05E-DD34-4E76-A538-E84903B52E92}"
EndProject
Project("{9A19103F-16F7-4668-BE54-9A1E7A4F7556}") = "Tyuiu.GurzanVM.Sprint6.Task3.V3.Lib", "Tyuiu.GurzanVM.Sprint6.Task3.V3.Lib\Tyuiu.GurzanVM.Sprint6.Task3.V3.Lib.csproj", "{8D441E67-730A-4BC3-B516-804336D856BC}"
EndProject
Project("{9A19103F-16F7-4668-BE54-9A1E7A4F7556}") = "Tyuiu.GurzanVM.Sprint6.Task3.V3.Test", "Tyuiu.GurzanVM.Sprint6.Task3.V3.Test\Tyuiu.GurzanVM.Sprint6.Task3.V3.Test.csproj", "{403CBC39-5FC5-4608-9244-024F0F542F1F}"
EndProject
Project("{9A19103F-16F7-4668-BE54-9A1E7A4F7556}") = "Tyuiu.GurzanVM.Sprint6.Task3.V3", "Tyuiu.GurzanVM.Sprint6.Task3.V3\Tyuiu.GurzanVM.Sprint6.Task3.V3.csproj", "{BA75E6E1-17B5-4D05-B6CE-4227E77E0F48}"
EndProject
Project("{2150E333-8FDC-42A3-9474-1A3956D46DE8}") = "Task4", "Task4", "{1987A8B7-21D0-4E87-9734-390FB65D851D}"
EndProject
Project("{9A19103F-16F7-4668-BE54-9A1E7A4F7556}") = "Tyuiu.GurzanVM.Sprint6.Task4.V28.Lib", "Tyuiu.GurzanVM.Sprint6.Task4.V28.Lib\Tyuiu.GurzanVM.Sprint6.Task4.V28.Lib.csproj", "{AE89AF99-A7D4-4795-8E02-0805CA4FB078}"
EndProject
Project("{9A19103F-16F7-4668-BE54-9A1E7A4F7556}") = "Tyuiu.GurzanVM.Sprint6.Task4.V28.Test", "Tyuiu.GurzanVM.Sprint6.Task4.V28.Test\Tyuiu.GurzanVM.Sprint6.Task4.V28.Test.csproj", "{4D9DA90E-F119-47BD-A247-BECA0BE21AEC}"
EndProject
Project("{9A19103F-16F7-4668-BE54-9A1E7A4F7556}") = "Tyuiu.GurzanVM.Sprint6.Task4.V28", "Tyuiu.GurzanVM.Sprint6.Task4.V28\Tyuiu.GurzanVM.Sprint6.Task4.V28.csproj", "{22624061-A9C9-49B2-A6DD-7CF87A039A20}"
EndProject
Project("{2150E333-8FDC-42A3-9474-1A3956D46DE8}") = "Task5", "Task5", "{113D4447-39C9-45A4-A708-4D08CA7ACEC7}"
EndProject
Project("{9A19103F-16F7-4668-BE54-9A1E7A4F7556}") = "Tyuiu.GurzanVM.Sprint6.Task5.V19.Lib", "Tyuiu.GurzanVM.Sprint6.Task5.V19.Lib\Tyuiu.GurzanVM.Sprint6.Task5.V19.Lib.csproj", "{157C3E4B-0E7E-4B54-A834-8AC1501ACCA8}"
EndProject
Project("{9A19103F-16F7-4668-BE54-9A1E7A4F7556}") = "Tyuiu.GurzanVM.Sprint6.Task5.V19.Test", "Tyuiu.GurzanVM.Sprint6.Task5.V19.Test\Tyuiu.GurzanVM.Sprint6.Task5.V19.Test.csproj", "{5636BC31-97FE-47E3-AA96-FFDE240E592B}"
EndProject
Project("{9A19103F-16F7-4668-BE54-9A1E7A4F7556}") = "Tyuiu.GurzanVM.Sprint6.Task5.V19", "Tyuiu.GurzanVM.Sprint6.Task5.V19\Tyuiu.GurzanVM.Sprint6.Task5.V19.csproj", "{DEC1127E-FFC0-41CD-A87B-BD9F63E6C0C3}"
EndProject
Project("{2150E333-8FDC-42A3-9474-1A3956D46DE8}") = "Task6", "Task6", "{B736DE16-650F-4952-9C1A-2419842D1C9E}"
EndProject
Project("{FAE04EC0-301F-11D3-BF4B-00C04F79EFBC}") = "Tyuiu.GurzanVM.Sprint6.Task6.V29.Lib", "Tyuiu.GurzanVM.Sprint6.Task6.V29.Lib\Tyuiu.GurzanVM.Sprint6.Task6.V29.Lib.csproj", "{FC1C466F-D861-438C-8B7E-1884895C3267}"
EndProject
Project("{FAE04EC0-301F-11D3-BF4B-00C04F79EFBC}") = "Tyuiu.GurzanVM.Sprint6.Task6.V29.Test", "Tyuiu.GurzanVM.Sprint6.Task6.V29.Test\Tyuiu.GurzanVM.Sprint6.Task6.V29.Test.csproj", "{46FD91A9-247E-4FC6-BAD0-1D429DDDC7F0}"
EndProject
Project("{FAE04EC0-301F-11D3-BF4B-00C04F79EFBC}") = "Tyuiu.GurzanVM.Sprint6.Task6.V29", "Tyuiu.GurzanVM.Sprint6.Task6.V29\Tyuiu.GurzanVM.Sprint6.Task6.V29.csproj", "{C86113B2-328E-4C25-AD5A-DF92D7DFC42D}"
EndProject
Global
	GlobalSection(SolutionConfigurationPlatforms) = preSolution
		Debug|Any CPU = Debug|Any CPU
		Release|Any CPU = Release|Any CPU
	EndGlobalSection
	GlobalSection(ProjectConfigurationPlatforms) = postSolution
		{10D09618-2B4F-43C8-9976-5A3DB9E8F88A}.Debug|Any CPU.ActiveCfg = Debug|Any CPU
		{10D09618-2B4F-43C8-9976-5A3DB9E8F88A}.Debug|Any CPU.Build.0 = Debug|Any CPU
		{10D09618-2B4F-43C8-9976-5A3DB9E8F88A}.Release|Any CPU.ActiveCfg = Release|Any CPU
		{10D09618-2B4F-43C8-9976-5A3DB9E8F88A}.Release|Any CPU.Build.0 = Release|Any CPU
		{A8CF403D-43D5-4680-950A-7A0CB13B52AE}.Debug|Any CPU.ActiveCfg = Debug|Any CPU
		{A8CF403D-43D5-4680-950A-7A0CB13B52AE}.Debug|Any CPU.Build.0 = Debug|Any CPU
		{A8CF403D-43D5-4680-950A-7A0CB13B52AE}.Release|Any CPU.ActiveCfg = Release|Any CPU
		{A8CF403D-43D5-4680-950A-7A0CB13B52AE}.Release|Any CPU.Build.0 = Release|Any CPU
		{97F9F21C-9B34-4C97-8C29-B8EF55FCA954}.Debug|Any CPU.ActiveCfg = Debug|Any CPU
		{97F9F21C-9B34-4C97-8C29-B8EF55FCA954}.Debug|Any CPU.Build.0 = Debug|Any CPU
		{97F9F21C-9B34-4C97-8C29-B8EF55FCA954}.Release|Any CPU.ActiveCfg = Release|Any CPU
		{97F9F21C-9B34-4C97-8C29-B8EF55FCA954}.Release|Any CPU.Build.0 = Release|Any CPU
		{8D03BD59-E116-4B75-A0B0-C9F63DCD9D8F}.Debug|Any CPU.ActiveCfg = Debug|Any CPU
		{8D03BD59-E116-4B75-A0B0-C9F63DCD9D8F}.Debug|Any CPU.Build.0 = Debug|Any CPU
		{8D03BD59-E116-4B75-A0B0-C9F63DCD9D8F}.Release|Any CPU.ActiveCfg = Release|Any CPU
		{8D03BD59-E116-4B75-A0B0-C9F63DCD9D8F}.Release|Any CPU.Build.0 = Release|Any CPU
		{7FBDCDCA-5257-445E-8CCB-B579BD589DC6}.Debug|Any CPU.ActiveCfg = Debug|Any CPU
		{7FBDCDCA-5257-445E-8CCB-B579BD589DC6}.Debug|Any CPU.Build.0 = Debug|Any CPU
		{7FBDCDCA-5257-445E-8CCB-B579BD589DC6}.Release|Any CPU.ActiveCfg = Release|Any CPU
		{7FBDCDCA-5257-445E-8CCB-B579BD589DC6}.Release|Any CPU.Build.0 = Release|Any CPU
		{2DE4D62E-52AB-462F-8FC8-8DC73F5C54A1}.Debug|Any CPU.ActiveCfg = Debug|Any CPU
		{2DE4D62E-52AB-462F-8FC8-8DC73F5C54A1}.Debug|Any CPU.Build.0 = Debug|Any CPU
		{2DE4D62E-52AB-462F-8FC8-8DC73F5C54A1}.Release|Any CPU.ActiveCfg = Release|Any CPU
		{2DE4D62E-52AB-462F-8FC8-8DC73F5C54A1}.Release|Any CPU.Build.0 = Release|Any CPU
		{66D1DA03-CB69-48E6-AFEF-72B658EEB43F}.Debug|Any CPU.ActiveCfg = Debug|Any CPU
		{66D1DA03-CB69-48E6-AFEF-72B658EEB43F}.Debug|Any CPU.Build.0 = Debug|Any CPU
		{66D1DA03-CB69-48E6-AFEF-72B658EEB43F}.Release|Any CPU.ActiveCfg = Release|Any CPU
		{66D1DA03-CB69-48E6-AFEF-72B658EEB43F}.Release|Any CPU.Build.0 = Release|Any CPU
		{E7DD0F43-DA11-411C-B13B-D25250AE3B73}.Debug|Any CPU.ActiveCfg = Debug|Any CPU
		{E7DD0F43-DA11-411C-B13B-D25250AE3B73}.Debug|Any CPU.Build.0 = Debug|Any CPU
		{E7DD0F43-DA11-411C-B13B-D25250AE3B73}.Release|Any CPU.ActiveCfg = Release|Any CPU
		{E7DD0F43-DA11-411C-B13B-D25250AE3B73}.Release|Any CPU.Build.0 = Release|Any CPU
		{F1285FA4-3AF5-42C8-9241-3488DADB129A}.Debug|Any CPU.ActiveCfg = Debug|Any CPU
		{F1285FA4-3AF5-42C8-9241-3488DADB129A}.Debug|Any CPU.Build.0 = Debug|Any CPU
		{F1285FA4-3AF5-42C8-9241-3488DADB129A}.Release|Any CPU.ActiveCfg = Release|Any CPU
		{F1285FA4-3AF5-42C8-9241-3488DADB129A}.Release|Any CPU.Build.0 = Release|Any CPU
		{8D441E67-730A-4BC3-B516-804336D856BC}.Debug|Any CPU.ActiveCfg = Debug|Any CPU
		{8D441E67-730A-4BC3-B516-804336D856BC}.Debug|Any CPU.Build.0 = Debug|Any CPU
		{8D441E67-730A-4BC3-B516-804336D856BC}.Release|Any CPU.ActiveCfg = Release|Any CPU
		{8D441E67-730A-4BC3-B516-804336D856BC}.Release|Any CPU.Build.0 = Release|Any CPU
		{403CBC39-5FC5-4608-9244-024F0F542F1F}.Debug|Any CPU.ActiveCfg = Debug|Any CPU
		{403CBC39-5FC5-4608-9244-024F0F542F1F}.Debug|Any CPU.Build.0 = Debug|Any CPU
		{403CBC39-5FC5-4608-9244-024F0F542F1F}.Release|Any CPU.ActiveCfg = Release|Any CPU
		{403CBC39-5FC5-4608-9244-024F0F542F1F}.Release|Any CPU.Build.0 = Release|Any CPU
		{BA75E6E1-17B5-4D05-B6CE-4227E77E0F48}.Debug|Any CPU.ActiveCfg = Debug|Any CPU
		{BA75E6E1-17B5-4D05-B6CE-4227E77E0F48}.Debug|Any CPU.Build.0 = Debug|Any CPU
		{BA75E6E1-17B5-4D05-B6CE-4227E77E0F48}.Release|Any CPU.ActiveCfg = Release|Any CPU
		{BA75E6E1-17B5-4D05-B6CE-4227E77E0F48}.Release|Any CPU.Build.0 = Release|Any CPU
		{AE89AF99-A7D4-4795-8E02-0805CA4FB078}.Debug|Any CPU.ActiveCfg = Debug|Any CPU
		{AE89AF99-A7D4-4795-8E02-0805CA4FB078}.Debug|Any CPU.Build.0 = Debug|Any CPU
		{AE89AF99-A7D4-4795-8E02-0805CA4FB078}.Release|Any CPU.ActiveCfg = Release|Any CPU
		{AE89AF99-A7D4-4795-8E02-0805CA4FB078}.Release|Any CPU.Build.0 = Release|Any CPU
		{4D9DA90E-F119-47BD-A247-BECA0BE21AEC}.Debug|Any CPU.ActiveCfg = Debug|Any CPU
		{4D9DA90E-F119-47BD-A247-BECA0BE21AEC}.Debug|Any CPU.Build.0 = Debug|Any CPU
		{4D9DA90E-F119-47BD-A247-BECA0BE21AEC}.Release|Any CPU.ActiveCfg = Release|Any CPU
		{4D9DA90E-F119-47BD-A247-BECA0BE21AEC}.Release|Any CPU.Build.0 = Release|Any CPU
		{22624061-A9C9-49B2-A6DD-7CF87A039A20}.Debug|Any CPU.ActiveCfg = Debug|Any CPU
		{22624061-A9C9-49B2-A6DD-7CF87A039A20}.Debug|Any CPU.Build.0 = Debug|Any CPU
		{22624061-A9C9-49B2-A6DD-7CF87A039A20}.Release|Any CPU.ActiveCfg = Release|Any CPU
		{22624061-A9C9-49B2-A6DD-7CF87A039A20}.Release|Any CPU.Build.0 = Release|Any CPU
		{157C3E4B-0E7E-4B54-A834-8AC1501ACCA8}.Debug|Any CPU.ActiveCfg = Debug|Any CPU
		{157C3E4B-0E7E-4B54-A834-8AC1501ACCA8}.Debug|Any CPU.Build.0 = Debug|Any CPU
		{157C3E4B-0E7E-4B54-A834-8AC1501ACCA8}.Release|Any CPU.ActiveCfg = Release|Any CPU
		{157C3E4B-0E7E-4B54-A834-8AC1501ACCA8}.Release|Any CPU.Build.0 = Release|Any CPU
		{5636BC31-97FE-47E3-AA96-FFDE240E592B}.Debug|Any CPU.ActiveCfg = Debug|Any CPU
		{5636BC31-97FE-47E3-AA96-FFDE240E592B}.Debug|Any CPU.Build.0 = Debug|Any CPU
		{5636BC31-97FE-47E3-AA96-FFDE240E592B}.Release|Any CPU.ActiveCfg = Release|Any CPU
		{5636BC31-97FE-47E3-AA96-FFDE240E592B}.Release|Any CPU.Build.0 = Release|Any CPU
		{DEC1127E-FFC0-41CD-A87B-BD9F63E6C0C3}.Debug|Any CPU.ActiveCfg = Debug|Any CPU
		{DEC1127E-FFC0-41CD-A87B-BD9F63E6C0C3}.Debug|Any CPU.Build.0 = Debug|Any CPU
		{DEC1127E-FFC0-41CD-A87B-BD9F63E6C0C3}.Release|Any CPU.ActiveCfg = Release|Any CPU
		{DEC1127E-FFC0-41CD-A87B-BD9F63E6C0C3}.Release|Any CPU.Build.0 = Release|Any CPU
		{FC1C466F-D861-438C-8B7E-1884895C3267}.Debug|Any CPU.ActiveCfg = Debug|Any CPU
		{FC1C466F-D861-438C-8B7E-1884895C3267}.Debug|Any CPU.Build.0 = Debug|Any CPU
		{FC1C466F-D861-438C-8B7E-1884895C3267}.Release|Any CPU.ActiveCfg = Release|Any CPU
		{FC1C466F-D861-438C-8B7E-1884895C3267}.Release|Any CPU.Build.0 = Release|Any CPU
		{46FD91A9-247E-4FC6-BAD0-1D429DDDC7F0}.Debug|Any CPU.ActiveCfg = Debug|Any CPU
		{46FD91A9-247E-4FC6-BAD0-1D429DDDC7F0}.Debug|Any CPU.Build.0 = Debug|Any CPU
		{46FD91A9-247E-4FC6-BAD0-1D429DDDC7F0}.Release|Any CPU.ActiveCfg = Release|Any CPU
		{46FD91A9-247E-4FC6-BAD0-1D429DDDC7F0}.Release|Any CPU.Build.0 = Release|Any CPU
		{C86113B2-328E-4C25-AD5A-DF92D7DFC42D}.Debug|Any CPU.ActiveCfg = Debug|Any CPU
		{C86113B2-328E-4C25-AD5A-DF92D7DFC42D}.Debug|Any CPU.Build.0 = Debug|Any CPU
		{C86113B2-328E-4C25-AD5A-DF92D7DFC42D}.Release|Any CPU.ActiveCfg = Release|Any CPU
		{C86113B2-328E-4C25-AD5A-DF92D7DFC42D}.Release|Any CPU.Build.0 = Release|Any CPU
	EndGlobalSection
	GlobalSection(SolutionProperties) = preSolution
		HideSolutionNode = FALSE
	EndGlobalSection
	GlobalSection(NestedProjects) = preSolution
		{10D09618-2B4F-43C8-9976-5A3DB9E8F88A} = {CE651E2C-FB97-45B8-90B0-AD36E893E213}
		{A8CF403D-43D5-4680-950A-7A0CB13B52AE} = {CE651E2C-FB97-45B8-90B0-AD36E893E213}
		{97F9F21C-9B34-4C97-8C29-B8EF55FCA954} = {CE651E2C-FB97-45B8-90B0-AD36E893E213}
		{8D03BD59-E116-4B75-A0B0-C9F63DCD9D8F} = {B35A0E4D-AC18-4447-851D-880D14225C72}
		{7FBDCDCA-5257-445E-8CCB-B579BD589DC6} = {B35A0E4D-AC18-4447-851D-880D14225C72}
		{2DE4D62E-52AB-462F-8FC8-8DC73F5C54A1} = {B35A0E4D-AC18-4447-851D-880D14225C72}
		{66D1DA03-CB69-48E6-AFEF-72B658EEB43F} = {60EFD309-E909-45C1-A5FE-D83FD9411C3E}
		{E7DD0F43-DA11-411C-B13B-D25250AE3B73} = {60EFD309-E909-45C1-A5FE-D83FD9411C3E}
		{F1285FA4-3AF5-42C8-9241-3488DADB129A} = {60EFD309-E909-45C1-A5FE-D83FD9411C3E}
		{8D441E67-730A-4BC3-B516-804336D856BC} = {F3D4B05E-DD34-4E76-A538-E84903B52E92}
		{403CBC39-5FC5-4608-9244-024F0F542F1F} = {F3D4B05E-DD34-4E76-A538-E84903B52E92}
		{BA75E6E1-17B5-4D05-B6CE-4227E77E0F48} = {F3D4B05E-DD34-4E76-A538-E84903B52E92}
		{AE89AF99-A7D4-4795-8E02-0805CA4FB078} = {1987A8B7-21D0-4E87-9734-390FB65D851D}
		{4D9DA90E-F119-47BD-A247-BECA0BE21AEC} = {1987A8B7-21D0-4E87-9734-390FB65D851D}
		{22624061-A9C9-49B2-A6DD-7CF87A039A20} = {1987A8B7-21D0-4E87-9734-390FB65D851D}
		{157C3E4B-0E7E-4B54-A834-8AC1501ACCA8} = {113D4447-39C9-45A4-A708-4D08CA7ACEC7}
		{5636BC31-97FE-47E3-AA96-FFDE240E592B} = {113D4447-39C9-45A4-A708-4D08CA7ACEC7}
		{DEC1127E-FFC0-41CD-A87B-BD9F63E6C0C3} = {113D4447-39C9-45A4-A708-4D08CA7ACEC7}
		{FC1C466F-D861-438C-8B7E-1884895C3267} = {B736DE16-650F-4952-9C1A-2419842D1C9E}
		{46FD91A9-247E-4FC6-BAD0-1D429DDDC7F0} = {B736DE16-650F-4952-9C1A-2419842D1C9E}
		{C86113B2-328E-4C25-AD5A-DF92D7DFC42D} = {B736DE16-650F-4952-9C1A-2419842D1C9E}
	EndGlobalSection
	GlobalSection(ExtensibilityGlobals) = postSolution
		SolutionGuid = {A3CAEFB7-DC32-43B4-A6DF-CF5F9598EA6D}
	EndGlobalSection
EndGlobal
